
Microsoft Visual Studio Solution File, Format Version 11.00
# Visual Studio 2010
Project("{FAE04EC0-301F-11D3-BF4B-00C04F79EFBC}") = "Game_hw1", "Assembly-CSharp.csproj", "{08849E97-35C1-F732-8A48-9219BE3FE19E}"
EndProject
Global
	GlobalSection(SolutionConfigurationPlatforms) = preSolution
		Debug|Any CPU = Debug|Any CPU
		Release|Any CPU = Release|Any CPU
	EndGlobalSection
	GlobalSection(ProjectConfigurationPlatforms) = postSolution
		{08849E97-35C1-F732-8A48-9219BE3FE19E}.Debug|Any CPU.ActiveCfg = Debug|Any CPU
		{08849E97-35C1-F732-8A48-9219BE3FE19E}.Debug|Any CPU.Build.0 = Debug|Any CPU
		{08849E97-35C1-F732-8A48-9219BE3FE19E}.Release|Any CPU.ActiveCfg = Release|Any CPU
		{08849E97-35C1-F732-8A48-9219BE3FE19E}.Release|Any CPU.Build.0 = Release|Any CPU
	EndGlobalSection
	GlobalSection(SolutionProperties) = preSolution
		HideSolutionNode = FALSE
	EndGlobalSection
	GlobalSection(MonoDevelopProperties) = preSolution
		StartupItem = Assembly-CSharp.csproj
	EndGlobalSection
EndGlobal
